
Microsoft Visual Studio Solution File, Format Version 12.00
# Visual Studio 2012
Project("{FAE04EC0-301F-11D3-BF4B-00C04F79EFBC}") = "RedditSaveTransfer", "RedditSaveTransfer.csproj", "{E36A70C3-D380-4078-A73E-DCD2CA764ECB}"
EndProject
Project("{2150E333-8FDC-42A3-9474-1A3956D46DE8}") = ".nuget", ".nuget", "{C6E3C308-7162-4CA6-BCA7-2A4B63051D17}"
	ProjectSection(SolutionItems) = preProject
		.nuget\NuGet.Config = .nuget\NuGet.Config
		.nuget\NuGet.exe = .nuget\NuGet.exe
		.nuget\NuGet.targets = .nuget\NuGet.targets
	EndProjectSection
EndProject
Global
	GlobalSection(SolutionConfigurationPlatforms) = preSolution
		Debug|x86 = Debug|x86
		Release|x86 = Release|x86
	EndGlobalSection
	GlobalSection(ProjectConfigurationPlatforms) = postSolution
		{E36A70C3-D380-4078-A73E-DCD2CA764ECB}.Debug|x86.ActiveCfg = Debug|x86
		{E36A70C3-D380-4078-A73E-DCD2CA764ECB}.Debug|x86.Build.0 = Debug|x86
		{E36A70C3-D380-4078-A73E-DCD2CA764ECB}.Release|x86.ActiveCfg = Release|x86
		{E36A70C3-D380-4078-A73E-DCD2CA764ECB}.Release|x86.Build.0 = Release|x86
	EndGlobalSection
	GlobalSection(SolutionProperties) = preSolution
		HideSolutionNode = FALSE
	EndGlobalSection
EndGlobal
